
Microsoft Visual Studio Solution File, Format Version 12.00
# Visual Studio Version 17
VisualStudioVersion = 17.0.31825.309
MinimumVisualStudioVersion = 10.0.40219.1
Project("{9A19103F-16F7-4668-BE54-9A1E7A4F7556}") = "EFLazyLoadingWpf", "EFLazyLoadingWpf\EFLazyLoadingWpf.csproj", "{6065987E-F5A1-483F-9DAF-76098F4B5E53}"
EndProject
Project("{9A19103F-16F7-4668-BE54-9A1E7A4F7556}") = "EFLazyLoadingConsole", "EFLazyLoadingConsole\EFLazyLoadingConsole.csproj", "{40575569-45C3-480A-8DBE-BE854269BD4B}"
EndProject
Project("{9A19103F-16F7-4668-BE54-9A1E7A4F7556}") = "EFLazyLoadingRepository", "EFLazyLoadingRepository\EFLazyLoadingRepository.csproj", "{D8809388-FAAB-4970-B220-5178CE18CE07}"
EndProject
Project("{9A19103F-16F7-4668-BE54-9A1E7A4F7556}") = "EFLazyLoadingDomain", "EFLazyLoadingDomain\EFLazyLoadingDomain.csproj", "{07D4C445-7256-41C4-936E-E38CDAC58B72}"
EndProject
Project("{2150E333-8FDC-42A3-9474-1A3956D46DE8}") = "UI", "UI", "{0886051E-D618-47D9-AC0B-2493B5692D4E}"
EndProject
Project("{2150E333-8FDC-42A3-9474-1A3956D46DE8}") = "Core", "Core", "{B4067D67-5060-46F6-8DA9-B7C37EA2762D}"
EndProject
Project("{2150E333-8FDC-42A3-9474-1A3956D46DE8}") = "Infra", "Infra", "{59D47D40-615E-4FBC-93A1-D423500A9DC3}"
EndProject
Global
	GlobalSection(SolutionConfigurationPlatforms) = preSolution
		Debug|Any CPU = Debug|Any CPU
		Release|Any CPU = Release|Any CPU
	EndGlobalSection
	GlobalSection(ProjectConfigurationPlatforms) = postSolution
		{6065987E-F5A1-483F-9DAF-76098F4B5E53}.Debug|Any CPU.ActiveCfg = Debug|Any CPU
		{6065987E-F5A1-483F-9DAF-76098F4B5E53}.Debug|Any CPU.Build.0 = Debug|Any CPU
		{6065987E-F5A1-483F-9DAF-76098F4B5E53}.Release|Any CPU.ActiveCfg = Release|Any CPU
		{6065987E-F5A1-483F-9DAF-76098F4B5E53}.Release|Any CPU.Build.0 = Release|Any CPU
		{40575569-45C3-480A-8DBE-BE854269BD4B}.Debug|Any CPU.ActiveCfg = Debug|Any CPU
		{40575569-45C3-480A-8DBE-BE854269BD4B}.Debug|Any CPU.Build.0 = Debug|Any CPU
		{40575569-45C3-480A-8DBE-BE854269BD4B}.Release|Any CPU.ActiveCfg = Release|Any CPU
		{40575569-45C3-480A-8DBE-BE854269BD4B}.Release|Any CPU.Build.0 = Release|Any CPU
		{D8809388-FAAB-4970-B220-5178CE18CE07}.Debug|Any CPU.ActiveCfg = Debug|Any CPU
		{D8809388-FAAB-4970-B220-5178CE18CE07}.Debug|Any CPU.Build.0 = Debug|Any CPU
		{D8809388-FAAB-4970-B220-5178CE18CE07}.Release|Any CPU.ActiveCfg = Release|Any CPU
		{D8809388-FAAB-4970-B220-5178CE18CE07}.Release|Any CPU.Build.0 = Release|Any CPU
		{07D4C445-7256-41C4-936E-E38CDAC58B72}.Debug|Any CPU.ActiveCfg = Debug|Any CPU
		{07D4C445-7256-41C4-936E-E38CDAC58B72}.Debug|Any CPU.Build.0 = Debug|Any CPU
		{07D4C445-7256-41C4-936E-E38CDAC58B72}.Release|Any CPU.ActiveCfg = Release|Any CPU
		{07D4C445-7256-41C4-936E-E38CDAC58B72}.Release|Any CPU.Build.0 = Release|Any CPU
	EndGlobalSection
	GlobalSection(SolutionProperties) = preSolution
		HideSolutionNode = FALSE
	EndGlobalSection
	GlobalSection(NestedProjects) = preSolution
		{6065987E-F5A1-483F-9DAF-76098F4B5E53} = {0886051E-D618-47D9-AC0B-2493B5692D4E}
		{40575569-45C3-480A-8DBE-BE854269BD4B} = {0886051E-D618-47D9-AC0B-2493B5692D4E}
		{D8809388-FAAB-4970-B220-5178CE18CE07} = {59D47D40-615E-4FBC-93A1-D423500A9DC3}
		{07D4C445-7256-41C4-936E-E38CDAC58B72} = {B4067D67-5060-46F6-8DA9-B7C37EA2762D}
	EndGlobalSection
	GlobalSection(ExtensibilityGlobals) = postSolution
		SolutionGuid = {A4C44355-FD0A-470A-83FF-7CC5E2CAFABA}
	EndGlobalSection
EndGlobal
